
Microsoft Visual Studio Solution File, Format Version 12.00
# Visual Studio 15
VisualStudioVersion = 15.0.28010.2046
MinimumVisualStudioVersion = 10.0.40219.1
Project("{FAE04EC0-301F-11D3-BF4B-00C04F79EFBC}") = "BackendPizzeria", "BackendPizzeria\BackendPizzeria.csproj", "{CAB90357-6A86-4DBC-ABA2-28488D4FB11A}"
EndProject
Global
	GlobalSection(SolutionConfigurationPlatforms) = preSolution
		Debug|Any CPU = Debug|Any CPU
		Release|Any CPU = Release|Any CPU
	EndGlobalSection
	GlobalSection(ProjectConfigurationPlatforms) = postSolution
		{CAB90357-6A86-4DBC-ABA2-28488D4FB11A}.Debug|Any CPU.ActiveCfg = Debug|Any CPU
		{CAB90357-6A86-4DBC-ABA2-28488D4FB11A}.Debug|Any CPU.Build.0 = Debug|Any CPU
		{CAB90357-6A86-4DBC-ABA2-28488D4FB11A}.Release|Any CPU.ActiveCfg = Release|Any CPU
		{CAB90357-6A86-4DBC-ABA2-28488D4FB11A}.Release|Any CPU.Build.0 = Release|Any CPU
	EndGlobalSection
	GlobalSection(SolutionProperties) = preSolution
		HideSolutionNode = FALSE
	EndGlobalSection
	GlobalSection(ExtensibilityGlobals) = postSolution
		SolutionGuid = {70FC8448-B293-41E1-BCF4-BCE28A196A66}
	EndGlobalSection
EndGlobal
